
Microsoft Visual Studio Solution File, Format Version 12.00
# Visual Studio Version 16
VisualStudioVersion = 16.0.32802.440
MinimumVisualStudioVersion = 10.0.40219.1
Project("{FAE04EC0-301F-11D3-BF4B-00C04F79EFBC}") = "TradeArtTest", "TradeArtTest.csproj", "{ABFC622E-7AC0-4FA8-B47F-8A600F266F88}"
EndProject
Global
	GlobalSection(SolutionConfigurationPlatforms) = preSolution
		Debug|Any CPU = Debug|Any CPU
		Release|Any CPU = Release|Any CPU
	EndGlobalSection
	GlobalSection(ProjectConfigurationPlatforms) = postSolution
		{ABFC622E-7AC0-4FA8-B47F-8A600F266F88}.Debug|Any CPU.ActiveCfg = Debug|Any CPU
		{ABFC622E-7AC0-4FA8-B47F-8A600F266F88}.Debug|Any CPU.Build.0 = Debug|Any CPU
		{ABFC622E-7AC0-4FA8-B47F-8A600F266F88}.Release|Any CPU.ActiveCfg = Release|Any CPU
		{ABFC622E-7AC0-4FA8-B47F-8A600F266F88}.Release|Any CPU.Build.0 = Release|Any CPU
	EndGlobalSection
	GlobalSection(SolutionProperties) = preSolution
		HideSolutionNode = FALSE
	EndGlobalSection
	GlobalSection(ExtensibilityGlobals) = postSolution
		SolutionGuid = {62ED053A-450B-44CF-900C-660D9979DD22}
	EndGlobalSection
EndGlobal
